{
  "name": "ticktick-to-notion",
  "version": "1.0.0",
  "lockfileVersion": 2,
  "requires": true,
  "packages": {
    "": {
      "name": "ticktick-to-notion",
      "version": "1.0.0",
      "license": "MIT",
      "devDependencies": {
        "@types/google-apps-script": "^1.0.53"
      }
    },
    "node_modules/@types/google-apps-script": {
      "version": "1.0.53",
      "resolved": "https://registry.npmjs.org/@types/google-apps-script/-/google-apps-script-1.0.53.tgz",
      "integrity": "sha512-aFDrrqxhCcbM8h4hNID41HqhFWSwKsCCs9y99vbZdwNr5yeAW9ZcmQiNDp+P3BEL0nsR/rn5wt5Hv4kvyAU3Wg==",
      "dev": true
    }
  },
  "dependencies": {
    "@types/google-apps-script": {
      "version": "1.0.53",
      "resolved": "https://registry.npmjs.org/@types/google-apps-script/-/google-apps-script-1.0.53.tgz",
      "integrity": "sha512-aFDrrqxhCcbM8h4hNID41HqhFWSwKsCCs9y99vbZdwNr5yeAW9ZcmQiNDp+P3BEL0nsR/rn5wt5Hv4kvyAU3Wg==",
      "dev": true
    }
  }
}
